
Microsoft Visual Studio Solution File, Format Version 12.00
# Visual Studio 15
VisualStudioVersion = 15.0.26228.12
MinimumVisualStudioVersion = 10.0.40219.1
Project("{8BC9CEB8-8B4A-11D0-8D11-00A0C91BC942}") = "多态实例-几何图形处理", "多态实例-几何图形处理\多态实例-几何图形处理.vcxproj", "{BC02555C-5C6E-44EC-B783-42E6D653C4A5}"
EndProject
Global
	GlobalSection(SolutionConfigurationPlatforms) = preSolution
		Debug|x64 = Debug|x64
		Debug|x86 = Debug|x86
		Release|x64 = Release|x64
		Release|x86 = Release|x86
	EndGlobalSection
	GlobalSection(ProjectConfigurationPlatforms) = postSolution
		{BC02555C-5C6E-44EC-B783-42E6D653C4A5}.Debug|x64.ActiveCfg = Debug|x64
		{BC02555C-5C6E-44EC-B783-42E6D653C4A5}.Debug|x64.Build.0 = Debug|x64
		{BC02555C-5C6E-44EC-B783-42E6D653C4A5}.Debug|x86.ActiveCfg = Debug|Win32
		{BC02555C-5C6E-44EC-B783-42E6D653C4A5}.Debug|x86.Build.0 = Debug|Win32
		{BC02555C-5C6E-44EC-B783-42E6D653C4A5}.Release|x64.ActiveCfg = Release|x64
		{BC02555C-5C6E-44EC-B783-42E6D653C4A5}.Release|x64.Build.0 = Release|x64
		{BC02555C-5C6E-44EC-B783-42E6D653C4A5}.Release|x86.ActiveCfg = Release|Win32
		{BC02555C-5C6E-44EC-B783-42E6D653C4A5}.Release|x86.Build.0 = Release|Win32
	EndGlobalSection
	GlobalSection(SolutionProperties) = preSolution
		HideSolutionNode = FALSE
	EndGlobalSection
EndGlobal
