
Microsoft Visual Studio Solution File, Format Version 12.00
# Visual Studio 2013
VisualStudioVersion = 12.0.30501.0
MinimumVisualStudioVersion = 10.0.40219.1
Project("{8BC9CEB8-8B4A-11D0-8D11-00A0C91BC942}") = "数组逆序重放", "数组逆序重放\数组逆序重放.vcxproj", "{254589E8-1759-4C42-9572-CFF03ADEE2AB}"
EndProject
Global
	GlobalSection(SolutionConfigurationPlatforms) = preSolution
		Debug|Win32 = Debug|Win32
		Release|Win32 = Release|Win32
	EndGlobalSection
	GlobalSection(ProjectConfigurationPlatforms) = postSolution
		{254589E8-1759-4C42-9572-CFF03ADEE2AB}.Debug|Win32.ActiveCfg = Debug|Win32
		{254589E8-1759-4C42-9572-CFF03ADEE2AB}.Debug|Win32.Build.0 = Debug|Win32
		{254589E8-1759-4C42-9572-CFF03ADEE2AB}.Release|Win32.ActiveCfg = Release|Win32
		{254589E8-1759-4C42-9572-CFF03ADEE2AB}.Release|Win32.Build.0 = Release|Win32
	EndGlobalSection
	GlobalSection(SolutionProperties) = preSolution
		HideSolutionNode = FALSE
	EndGlobalSection
EndGlobal
