
Microsoft Visual Studio Solution File, Format Version 12.00
# Visual Studio 2013
VisualStudioVersion = 12.0.30501.0
MinimumVisualStudioVersion = 10.0.40219.1
Project("{8BC9CEB8-8B4A-11D0-8D11-00A0C91BC942}") = "统计十进制数转为二进制数后1的个数", "统计十进制数转为二进制数后1的个数\统计十进制数转为二进制数后1的个数.vcxproj", "{FF6CD863-A208-4CC5-AFDA-8F0CF1D42104}"
EndProject
Global
	GlobalSection(SolutionConfigurationPlatforms) = preSolution
		Debug|Win32 = Debug|Win32
		Release|Win32 = Release|Win32
	EndGlobalSection
	GlobalSection(ProjectConfigurationPlatforms) = postSolution
		{FF6CD863-A208-4CC5-AFDA-8F0CF1D42104}.Debug|Win32.ActiveCfg = Debug|Win32
		{FF6CD863-A208-4CC5-AFDA-8F0CF1D42104}.Debug|Win32.Build.0 = Debug|Win32
		{FF6CD863-A208-4CC5-AFDA-8F0CF1D42104}.Release|Win32.ActiveCfg = Release|Win32
		{FF6CD863-A208-4CC5-AFDA-8F0CF1D42104}.Release|Win32.Build.0 = Release|Win32
	EndGlobalSection
	GlobalSection(SolutionProperties) = preSolution
		HideSolutionNode = FALSE
	EndGlobalSection
EndGlobal
